
Microsoft Visual Studio Solution File, Format Version 12.00
# Visual Studio 14
VisualStudioVersion = 14.0.25123.0
MinimumVisualStudioVersion = 10.0.40219.1
Project("{8BC9CEB8-8B4A-11D0-8D11-00A0C91BC942}") = "worker", "worker\worker.vcxproj", "{D5ACA002-5814-4EDE-A948-73B1CA76BFBB}"
	ProjectSection(ProjectDependencies) = postProject
		{F093DD31-038E-4F8D-BEF7-70F881098420} = {F093DD31-038E-4F8D-BEF7-70F881098420}
		{0AD7B16E-165E-4FAD-8519-74550D241B40} = {0AD7B16E-165E-4FAD-8519-74550D241B40}
		{4FCB7DB6-D6BF-4C5B-935D-ECBB1B56D394} = {4FCB7DB6-D6BF-4C5B-935D-ECBB1B56D394}
		{EFD6C0B9-804B-4B8C-8913-ECCCF6B57C15} = {EFD6C0B9-804B-4B8C-8913-ECCCF6B57C15}
	EndProjectSection
EndProject
Project("{8BC9CEB8-8B4A-11D0-8D11-00A0C91BC942}") = "memDB", "memDB\memDB.vcxproj", "{EFD6C0B9-804B-4B8C-8913-ECCCF6B57C15}"
EndProject
Project("{8BC9CEB8-8B4A-11D0-8D11-00A0C91BC942}") = "memDBTest", "memDBTest\memDBTest.vcxproj", "{889F40EE-AB47-4620-928B-DD009DF86D84}"
	ProjectSection(ProjectDependencies) = postProject
		{EFD6C0B9-804B-4B8C-8913-ECCCF6B57C15} = {EFD6C0B9-804B-4B8C-8913-ECCCF6B57C15}
	EndProjectSection
EndProject
Project("{8BC9CEB8-8B4A-11D0-8D11-00A0C91BC942}") = "Tests", "Tests\Tests.vcxproj", "{F093DD31-038E-4F8D-BEF7-70F881098420}"
	ProjectSection(ProjectDependencies) = postProject
		{BA2859BF-526C-4EDA-BC70-24C6C9477E6E} = {BA2859BF-526C-4EDA-BC70-24C6C9477E6E}
		{E43456E9-FE69-421F-973E-CF388BAB7B7E} = {E43456E9-FE69-421F-973E-CF388BAB7B7E}
		{889F40EE-AB47-4620-928B-DD009DF86D84} = {889F40EE-AB47-4620-928B-DD009DF86D84}
	EndProjectSection
EndProject
Project("{2150E333-8FDC-42A3-9474-1A3956D46DE8}") = "lib", "lib", "{335BE143-3134-4207-91EE-4F860F8B579B}"
EndProject
Project("{2150E333-8FDC-42A3-9474-1A3956D46DE8}") = "UnitTest", "UnitTest", "{25DEE376-0339-4D9D-B7EA-BDB72C53D613}"
EndProject
Project("{8BC9CEB8-8B4A-11D0-8D11-00A0C91BC942}") = "serverAddCar", "serverAddCar\serverAddCar.vcxproj", "{4FCB7DB6-D6BF-4C5B-935D-ECBB1B56D394}"
	ProjectSection(ProjectDependencies) = postProject
		{0AD7B16E-165E-4FAD-8519-74550D241B40} = {0AD7B16E-165E-4FAD-8519-74550D241B40}
		{EFD6C0B9-804B-4B8C-8913-ECCCF6B57C15} = {EFD6C0B9-804B-4B8C-8913-ECCCF6B57C15}
	EndProjectSection
EndProject
Project("{8BC9CEB8-8B4A-11D0-8D11-00A0C91BC942}") = "serverAddCarTest", "serverAddCarTest\serverAddCarTest.vcxproj", "{BA2859BF-526C-4EDA-BC70-24C6C9477E6E}"
	ProjectSection(ProjectDependencies) = postProject
		{0AD7B16E-165E-4FAD-8519-74550D241B40} = {0AD7B16E-165E-4FAD-8519-74550D241B40}
		{4FCB7DB6-D6BF-4C5B-935D-ECBB1B56D394} = {4FCB7DB6-D6BF-4C5B-935D-ECBB1B56D394}
		{EFD6C0B9-804B-4B8C-8913-ECCCF6B57C15} = {EFD6C0B9-804B-4B8C-8913-ECCCF6B57C15}
	EndProjectSection
EndProject
Project("{8BC9CEB8-8B4A-11D0-8D11-00A0C91BC942}") = "mysql", "mysql\mysql.vcxproj", "{0AD7B16E-165E-4FAD-8519-74550D241B40}"
EndProject
Project("{8BC9CEB8-8B4A-11D0-8D11-00A0C91BC942}") = "mysqlTest", "mysqlTest\mysqlTest.vcxproj", "{E43456E9-FE69-421F-973E-CF388BAB7B7E}"
	ProjectSection(ProjectDependencies) = postProject
		{0AD7B16E-165E-4FAD-8519-74550D241B40} = {0AD7B16E-165E-4FAD-8519-74550D241B40}
	EndProjectSection
EndProject
Project("{8BC9CEB8-8B4A-11D0-8D11-00A0C91BC942}") = "checker", "checker\checker.vcxproj", "{A2BEC266-9816-45DB-9399-B99992CD822D}"
	ProjectSection(ProjectDependencies) = postProject
		{EFD6C0B9-804B-4B8C-8913-ECCCF6B57C15} = {EFD6C0B9-804B-4B8C-8913-ECCCF6B57C15}
	EndProjectSection
EndProject
Project("{8BC9CEB8-8B4A-11D0-8D11-00A0C91BC942}") = "checkerTest", "checkerTest\checkerTest.vcxproj", "{9EE3D6DA-B753-4A6C-8494-AE133F048D68}"
	ProjectSection(ProjectDependencies) = postProject
		{A2BEC266-9816-45DB-9399-B99992CD822D} = {A2BEC266-9816-45DB-9399-B99992CD822D}
		{EFD6C0B9-804B-4B8C-8913-ECCCF6B57C15} = {EFD6C0B9-804B-4B8C-8913-ECCCF6B57C15}
	EndProjectSection
EndProject
Global
	GlobalSection(SolutionConfigurationPlatforms) = preSolution
		Debug|x64 = Debug|x64
		Debug|x86 = Debug|x86
		Release|x64 = Release|x64
		Release|x86 = Release|x86
	EndGlobalSection
	GlobalSection(ProjectConfigurationPlatforms) = postSolution
		{D5ACA002-5814-4EDE-A948-73B1CA76BFBB}.Debug|x64.ActiveCfg = Debug|x64
		{D5ACA002-5814-4EDE-A948-73B1CA76BFBB}.Debug|x64.Build.0 = Debug|x64
		{D5ACA002-5814-4EDE-A948-73B1CA76BFBB}.Debug|x86.ActiveCfg = Debug|Win32
		{D5ACA002-5814-4EDE-A948-73B1CA76BFBB}.Debug|x86.Build.0 = Debug|Win32
		{D5ACA002-5814-4EDE-A948-73B1CA76BFBB}.Release|x64.ActiveCfg = Release|x64
		{D5ACA002-5814-4EDE-A948-73B1CA76BFBB}.Release|x64.Build.0 = Release|x64
		{D5ACA002-5814-4EDE-A948-73B1CA76BFBB}.Release|x86.ActiveCfg = Release|Win32
		{D5ACA002-5814-4EDE-A948-73B1CA76BFBB}.Release|x86.Build.0 = Release|Win32
		{EFD6C0B9-804B-4B8C-8913-ECCCF6B57C15}.Debug|x64.ActiveCfg = Debug|x64
		{EFD6C0B9-804B-4B8C-8913-ECCCF6B57C15}.Debug|x64.Build.0 = Debug|x64
		{EFD6C0B9-804B-4B8C-8913-ECCCF6B57C15}.Debug|x86.ActiveCfg = Debug|Win32
		{EFD6C0B9-804B-4B8C-8913-ECCCF6B57C15}.Debug|x86.Build.0 = Debug|Win32
		{EFD6C0B9-804B-4B8C-8913-ECCCF6B57C15}.Release|x64.ActiveCfg = Release|x64
		{EFD6C0B9-804B-4B8C-8913-ECCCF6B57C15}.Release|x64.Build.0 = Release|x64
		{EFD6C0B9-804B-4B8C-8913-ECCCF6B57C15}.Release|x86.ActiveCfg = Release|Win32
		{EFD6C0B9-804B-4B8C-8913-ECCCF6B57C15}.Release|x86.Build.0 = Release|Win32
		{889F40EE-AB47-4620-928B-DD009DF86D84}.Debug|x64.ActiveCfg = Debug|x64
		{889F40EE-AB47-4620-928B-DD009DF86D84}.Debug|x64.Build.0 = Debug|x64
		{889F40EE-AB47-4620-928B-DD009DF86D84}.Debug|x86.ActiveCfg = Debug|Win32
		{889F40EE-AB47-4620-928B-DD009DF86D84}.Debug|x86.Build.0 = Debug|Win32
		{889F40EE-AB47-4620-928B-DD009DF86D84}.Release|x64.ActiveCfg = Release|x64
		{889F40EE-AB47-4620-928B-DD009DF86D84}.Release|x64.Build.0 = Release|x64
		{889F40EE-AB47-4620-928B-DD009DF86D84}.Release|x86.ActiveCfg = Release|Win32
		{889F40EE-AB47-4620-928B-DD009DF86D84}.Release|x86.Build.0 = Release|Win32
		{F093DD31-038E-4F8D-BEF7-70F881098420}.Debug|x64.ActiveCfg = Debug|x64
		{F093DD31-038E-4F8D-BEF7-70F881098420}.Debug|x64.Build.0 = Debug|x64
		{F093DD31-038E-4F8D-BEF7-70F881098420}.Debug|x86.ActiveCfg = Debug|Win32
		{F093DD31-038E-4F8D-BEF7-70F881098420}.Debug|x86.Build.0 = Debug|Win32
		{F093DD31-038E-4F8D-BEF7-70F881098420}.Release|x64.ActiveCfg = Release|x64
		{F093DD31-038E-4F8D-BEF7-70F881098420}.Release|x64.Build.0 = Release|x64
		{F093DD31-038E-4F8D-BEF7-70F881098420}.Release|x86.ActiveCfg = Release|Win32
		{F093DD31-038E-4F8D-BEF7-70F881098420}.Release|x86.Build.0 = Release|Win32
		{4FCB7DB6-D6BF-4C5B-935D-ECBB1B56D394}.Debug|x64.ActiveCfg = Debug|x64
		{4FCB7DB6-D6BF-4C5B-935D-ECBB1B56D394}.Debug|x64.Build.0 = Debug|x64
		{4FCB7DB6-D6BF-4C5B-935D-ECBB1B56D394}.Debug|x86.ActiveCfg = Debug|Win32
		{4FCB7DB6-D6BF-4C5B-935D-ECBB1B56D394}.Debug|x86.Build.0 = Debug|Win32
		{4FCB7DB6-D6BF-4C5B-935D-ECBB1B56D394}.Release|x64.ActiveCfg = Release|x64
		{4FCB7DB6-D6BF-4C5B-935D-ECBB1B56D394}.Release|x64.Build.0 = Release|x64
		{4FCB7DB6-D6BF-4C5B-935D-ECBB1B56D394}.Release|x86.ActiveCfg = Release|Win32
		{4FCB7DB6-D6BF-4C5B-935D-ECBB1B56D394}.Release|x86.Build.0 = Release|Win32
		{BA2859BF-526C-4EDA-BC70-24C6C9477E6E}.Debug|x64.ActiveCfg = Debug|x64
		{BA2859BF-526C-4EDA-BC70-24C6C9477E6E}.Debug|x64.Build.0 = Debug|x64
		{BA2859BF-526C-4EDA-BC70-24C6C9477E6E}.Debug|x86.ActiveCfg = Debug|Win32
		{BA2859BF-526C-4EDA-BC70-24C6C9477E6E}.Debug|x86.Build.0 = Debug|Win32
		{BA2859BF-526C-4EDA-BC70-24C6C9477E6E}.Release|x64.ActiveCfg = Release|x64
		{BA2859BF-526C-4EDA-BC70-24C6C9477E6E}.Release|x64.Build.0 = Release|x64
		{BA2859BF-526C-4EDA-BC70-24C6C9477E6E}.Release|x86.ActiveCfg = Release|Win32
		{BA2859BF-526C-4EDA-BC70-24C6C9477E6E}.Release|x86.Build.0 = Release|Win32
		{0AD7B16E-165E-4FAD-8519-74550D241B40}.Debug|x64.ActiveCfg = Debug|x64
		{0AD7B16E-165E-4FAD-8519-74550D241B40}.Debug|x64.Build.0 = Debug|x64
		{0AD7B16E-165E-4FAD-8519-74550D241B40}.Debug|x86.ActiveCfg = Debug|Win32
		{0AD7B16E-165E-4FAD-8519-74550D241B40}.Debug|x86.Build.0 = Debug|Win32
		{0AD7B16E-165E-4FAD-8519-74550D241B40}.Release|x64.ActiveCfg = Release|x64
		{0AD7B16E-165E-4FAD-8519-74550D241B40}.Release|x64.Build.0 = Release|x64
		{0AD7B16E-165E-4FAD-8519-74550D241B40}.Release|x86.ActiveCfg = Release|Win32
		{0AD7B16E-165E-4FAD-8519-74550D241B40}.Release|x86.Build.0 = Release|Win32
		{E43456E9-FE69-421F-973E-CF388BAB7B7E}.Debug|x64.ActiveCfg = Debug|x64
		{E43456E9-FE69-421F-973E-CF388BAB7B7E}.Debug|x64.Build.0 = Debug|x64
		{E43456E9-FE69-421F-973E-CF388BAB7B7E}.Debug|x86.ActiveCfg = Debug|Win32
		{E43456E9-FE69-421F-973E-CF388BAB7B7E}.Debug|x86.Build.0 = Debug|Win32
		{E43456E9-FE69-421F-973E-CF388BAB7B7E}.Release|x64.ActiveCfg = Release|x64
		{E43456E9-FE69-421F-973E-CF388BAB7B7E}.Release|x64.Build.0 = Release|x64
		{E43456E9-FE69-421F-973E-CF388BAB7B7E}.Release|x86.ActiveCfg = Release|Win32
		{E43456E9-FE69-421F-973E-CF388BAB7B7E}.Release|x86.Build.0 = Release|Win32
		{A2BEC266-9816-45DB-9399-B99992CD822D}.Debug|x64.ActiveCfg = Debug|x64
		{A2BEC266-9816-45DB-9399-B99992CD822D}.Debug|x64.Build.0 = Debug|x64
		{A2BEC266-9816-45DB-9399-B99992CD822D}.Debug|x86.ActiveCfg = Debug|Win32
		{A2BEC266-9816-45DB-9399-B99992CD822D}.Debug|x86.Build.0 = Debug|Win32
		{A2BEC266-9816-45DB-9399-B99992CD822D}.Release|x64.ActiveCfg = Release|x64
		{A2BEC266-9816-45DB-9399-B99992CD822D}.Release|x64.Build.0 = Release|x64
		{A2BEC266-9816-45DB-9399-B99992CD822D}.Release|x86.ActiveCfg = Release|Win32
		{A2BEC266-9816-45DB-9399-B99992CD822D}.Release|x86.Build.0 = Release|Win32
		{9EE3D6DA-B753-4A6C-8494-AE133F048D68}.Debug|x64.ActiveCfg = Debug|x64
		{9EE3D6DA-B753-4A6C-8494-AE133F048D68}.Debug|x64.Build.0 = Debug|x64
		{9EE3D6DA-B753-4A6C-8494-AE133F048D68}.Debug|x86.ActiveCfg = Debug|Win32
		{9EE3D6DA-B753-4A6C-8494-AE133F048D68}.Debug|x86.Build.0 = Debug|Win32
		{9EE3D6DA-B753-4A6C-8494-AE133F048D68}.Release|x64.ActiveCfg = Release|x64
		{9EE3D6DA-B753-4A6C-8494-AE133F048D68}.Release|x64.Build.0 = Release|x64
		{9EE3D6DA-B753-4A6C-8494-AE133F048D68}.Release|x86.ActiveCfg = Release|Win32
		{9EE3D6DA-B753-4A6C-8494-AE133F048D68}.Release|x86.Build.0 = Release|Win32
	EndGlobalSection
	GlobalSection(SolutionProperties) = preSolution
		HideSolutionNode = FALSE
	EndGlobalSection
	GlobalSection(NestedProjects) = preSolution
		{EFD6C0B9-804B-4B8C-8913-ECCCF6B57C15} = {335BE143-3134-4207-91EE-4F860F8B579B}
		{889F40EE-AB47-4620-928B-DD009DF86D84} = {25DEE376-0339-4D9D-B7EA-BDB72C53D613}
		{F093DD31-038E-4F8D-BEF7-70F881098420} = {25DEE376-0339-4D9D-B7EA-BDB72C53D613}
		{4FCB7DB6-D6BF-4C5B-935D-ECBB1B56D394} = {335BE143-3134-4207-91EE-4F860F8B579B}
		{BA2859BF-526C-4EDA-BC70-24C6C9477E6E} = {25DEE376-0339-4D9D-B7EA-BDB72C53D613}
		{0AD7B16E-165E-4FAD-8519-74550D241B40} = {335BE143-3134-4207-91EE-4F860F8B579B}
		{E43456E9-FE69-421F-973E-CF388BAB7B7E} = {25DEE376-0339-4D9D-B7EA-BDB72C53D613}
		{A2BEC266-9816-45DB-9399-B99992CD822D} = {335BE143-3134-4207-91EE-4F860F8B579B}
		{9EE3D6DA-B753-4A6C-8494-AE133F048D68} = {25DEE376-0339-4D9D-B7EA-BDB72C53D613}
	EndGlobalSection
EndGlobal
